// !$*UTF8*$!
{
	archiveVersion = 1;
	classes = {
	};
	objectVersion = 46;
	objects = {

/* Begin PBXBuildFile section */
		8284FB2C1C21203500CD7642 /* main.m in Sources */ = {isa = PBXBuildFile; fileRef = 8284FB2B1C21203500CD7642 /* main.m */; };
		8284FB2F1C21203500CD7642 /* AppDelegate.m in Sources */ = {isa = PBXBuildFile; fileRef = 8284FB2E1C21203500CD7642 /* AppDelegate.m */; };
		8284FB351C21203500CD7642 /* Main.storyboard in Resources */ = {isa = PBXBuildFile; fileRef = 8284FB331C21203500CD7642 /* Main.storyboard */; };
		8284FB371C21203500CD7642 /* Assets.xcassets in Resources */ = {isa = PBXBuildFile; fileRef = 8284FB361C21203500CD7642 /* Assets.xcassets */; };
		8284FB3A1C21203500CD7642 /* LaunchScreen.storyboard in Resources */ = {isa = PBXBuildFile; fileRef = 8284FB381C21203500CD7642 /* LaunchScreen.storyboard */; };
		8284FB481C21211500CD7642 /* MZGradientCircleLayer.m in Sources */ = {isa = PBXBuildFile; fileRef = 8284FB431C21211500CD7642 /* MZGradientCircleLayer.m */; };
		8284FB491C21211500CD7642 /* MZMaskZoomTransition.m in Sources */ = {isa = PBXBuildFile; fileRef = 8284FB451C21211500CD7642 /* MZMaskZoomTransition.m */; };
		8284FB4A1C21211500CD7642 /* MZMaskZoomTransitioningDelegate.m in Sources */ = {isa = PBXBuildFile; fileRef = 8284FB471C21211500CD7642 /* MZMaskZoomTransitioningDelegate.m */; };
		8284FB4D1C2122BB00CD7642 /* MZCircleView.m in Sources */ = {isa = PBXBuildFile; fileRef = 8284FB4C1C2122BB00CD7642 /* MZCircleView.m */; };
		8284FB501C2123DA00CD7642 /* UIViewController+MZContentViewController.m in Sources */ = {isa = PBXBuildFile; fileRef = 8284FB4F1C2123DA00CD7642 /* UIViewController+MZContentViewController.m */; };
		8284FB561C21295600CD7642 /* MZFirstViewController.m in Sources */ = {isa = PBXBuildFile; fileRef = 8284FB551C21295600CD7642 /* MZFirstViewController.m */; };
		8284FB591C21296100CD7642 /* MZSecondViewController.m in Sources */ = {isa = PBXBuildFile; fileRef = 8284FB581C21296100CD7642 /* MZSecondViewController.m */; };
		82B6ACB21C235B8C00734CCC /* MZCircleButton.m in Sources */ = {isa = PBXBuildFile; fileRef = 82B6ACB11C235B8C00734CCC /* MZCircleButton.m */; };
		82B6AD331C4DF30A00734CCC /* Colours.storyboard in Resources */ = {isa = PBXBuildFile; fileRef = 82B6AD311C4DF30A00734CCC /* Colours.storyboard */; };
		82B6AD361C4DF3B400734CCC /* People.storyboard in Resources */ = {isa = PBXBuildFile; fileRef = 82B6AD341C4DF3B400734CCC /* People.storyboard */; };
		82B6AD931C4F591000734CCC /* MZPerson.m in Sources */ = {isa = PBXBuildFile; fileRef = 82B6AD861C4F591000734CCC /* MZPerson.m */; };
		82B6AD941C4F591000734CCC /* NSString+MZProfile.m in Sources */ = {isa = PBXBuildFile; fileRef = 82B6AD881C4F591000734CCC /* NSString+MZProfile.m */; };
		82B6AD951C4F591000734CCC /* MZPeopleTableViewController.m in Sources */ = {isa = PBXBuildFile; fileRef = 82B6AD8B1C4F591000734CCC /* MZPeopleTableViewController.m */; };
		82B6AD961C4F591000734CCC /* MZCircleImageView.m in Sources */ = {isa = PBXBuildFile; fileRef = 82B6AD8E1C4F591000734CCC /* MZCircleImageView.m */; };
		82B6AD971C4F591000734CCC /* MZPersonCell.m in Sources */ = {isa = PBXBuildFile; fileRef = 82B6AD901C4F591000734CCC /* MZPersonCell.m */; };
		82B6AD9A1C4F626E00734CCC /* MZProfile.m in Sources */ = {isa = PBXBuildFile; fileRef = 82B6AD991C4F626E00734CCC /* MZProfile.m */; };
		82B6AD9D1C5028AD00734CCC /* MZProfilesController.m in Sources */ = {isa = PBXBuildFile; fileRef = 82B6AD9C1C5028AD00734CCC /* MZProfilesController.m */; };
		82B6ADA21C50290300734CCC /* MZPeople.plist in Resources */ = {isa = PBXBuildFile; fileRef = 82B6AD9F1C50290300734CCC /* MZPeople.plist */; };
		82B6ADA31C50290300734CCC /* MZPersonStore.m in Sources */ = {isa = PBXBuildFile; fileRef = 82B6ADA11C50290300734CCC /* MZPersonStore.m */; };
/* End PBXBuildFile section */

/* Begin PBXFileReference section */
		8284FB271C21203500CD7642 /* MaskZoomTransitionDemo.app */ = {isa = PBXFileReference; explicitFileType = wrapper.application; includeInIndex = 0; path = MaskZoomTransitionDemo.app; sourceTree = BUILT_PRODUCTS_DIR; };
		8284FB2B1C21203500CD7642 /* main.m */ = {isa = PBXFileReference; lastKnownFileType = sourcecode.c.objc; path = main.m; sourceTree = "<group>"; };
		8284FB2D1C21203500CD7642 /* AppDelegate.h */ = {isa = PBXFileReference; lastKnownFileType = sourcecode.c.h; path = AppDelegate.h; sourceTree = "<group>"; };
		8284FB2E1C21203500CD7642 /* AppDelegate.m */ = {isa = PBXFileReference; lastKnownFileType = sourcecode.c.objc; path = AppDelegate.m; sourceTree = "<group>"; };
		8284FB341C21203500CD7642 /* Base */ = {isa = PBXFileReference; lastKnownFileType = file.storyboard; name = Base; path = Base.lproj/Main.storyboard; sourceTree = "<group>"; };
		8284FB361C21203500CD7642 /* Assets.xcassets */ = {isa = PBXFileReference; lastKnownFileType = folder.assetcatalog; path = Assets.xcassets; sourceTree = "<group>"; };
		8284FB391C21203500CD7642 /* Base */ = {isa = PBXFileReference; lastKnownFileType = file.storyboard; name = Base; path = Base.lproj/LaunchScreen.storyboard; sourceTree = "<group>"; };
		8284FB3B1C21203500CD7642 /* Info.plist */ = {isa = PBXFileReference; lastKnownFileType = text.plist.xml; path = Info.plist; sourceTree = "<group>"; };
		8284FB421C21211500CD7642 /* MZGradientCircleLayer.h */ = {isa = PBXFileReference; fileEncoding = 4; lastKnownFileType = sourcecode.c.h; path = MZGradientCircleLayer.h; sourceTree = "<group>"; };
		8284FB431C21211500CD7642 /* MZGradientCircleLayer.m */ = {isa = PBXFileReference; fileEncoding = 4; lastKnownFileType = sourcecode.c.objc; path = MZGradientCircleLayer.m; sourceTree = "<group>"; };
		8284FB441C21211500CD7642 /* MZMaskZoomTransition.h */ = {isa = PBXFileReference; fileEncoding = 4; lastKnownFileType = sourcecode.c.h; path = MZMaskZoomTransition.h; sourceTree = "<group>"; };
		8284FB451C21211500CD7642 /* MZMaskZoomTransition.m */ = {isa = PBXFileReference; fileEncoding = 4; lastKnownFileType = sourcecode.c.objc; path = MZMaskZoomTransition.m; sourceTree = "<group>"; };
		8284FB461C21211500CD7642 /* MZMaskZoomTransitioningDelegate.h */ = {isa = PBXFileReference; fileEncoding = 4; lastKnownFileType = sourcecode.c.h; path = MZMaskZoomTransitioningDelegate.h; sourceTree = "<group>"; };
		8284FB471C21211500CD7642 /* MZMaskZoomTransitioningDelegate.m */ = {isa = PBXFileReference; fileEncoding = 4; lastKnownFileType = sourcecode.c.objc; path = MZMaskZoomTransitioningDelegate.m; sourceTree = "<group>"; };
		8284FB4B1C2122BB00CD7642 /* MZCircleView.h */ = {isa = PBXFileReference; fileEncoding = 4; lastKnownFileType = sourcecode.c.h; path = MZCircleView.h; sourceTree = "<group>"; };
		8284FB4C1C2122BB00CD7642 /* MZCircleView.m */ = {isa = PBXFileReference; fileEncoding = 4; lastKnownFileType = sourcecode.c.objc; path = MZCircleView.m; sourceTree = "<group>"; };
		8284FB4E1C2123DA00CD7642 /* UIViewController+MZContentViewController.h */ = {isa = PBXFileReference; fileEncoding = 4; lastKnownFileType = sourcecode.c.h; path = "UIViewController+MZContentViewController.h"; sourceTree = "<group>"; };
		8284FB4F1C2123DA00CD7642 /* UIViewController+MZContentViewController.m */ = {isa = PBXFileReference; fileEncoding = 4; lastKnownFileType = sourcecode.c.objc; path = "UIViewController+MZContentViewController.m"; sourceTree = "<group>"; };
		8284FB541C21295600CD7642 /* MZFirstViewController.h */ = {isa = PBXFileReference; fileEncoding = 4; lastKnownFileType = sourcecode.c.h; path = MZFirstViewController.h; sourceTree = "<group>"; };
		8284FB551C21295600CD7642 /* MZFirstViewController.m */ = {isa = PBXFileReference; fileEncoding = 4; lastKnownFileType = sourcecode.c.objc; path = MZFirstViewController.m; sourceTree = "<group>"; };
		8284FB571C21296100CD7642 /* MZSecondViewController.h */ = {isa = PBXFileReference; fileEncoding = 4; lastKnownFileType = sourcecode.c.h; path = MZSecondViewController.h; sourceTree = "<group>"; };
		8284FB581C21296100CD7642 /* MZSecondViewController.m */ = {isa = PBXFileReference; fileEncoding = 4; lastKnownFileType = sourcecode.c.objc; path = MZSecondViewController.m; sourceTree = "<group>"; };
		82B6ACB01C235B8C00734CCC /* MZCircleButton.h */ = {isa = PBXFileReference; fileEncoding = 4; lastKnownFileType = sourcecode.c.h; path = MZCircleButton.h; sourceTree = "<group>"; };
		82B6ACB11C235B8C00734CCC /* MZCircleButton.m */ = {isa = PBXFileReference; fileEncoding = 4; lastKnownFileType = sourcecode.c.objc; path = MZCircleButton.m; sourceTree = "<group>"; };
		82B6AD321C4DF30A00734CCC /* Base */ = {isa = PBXFileReference; lastKnownFileType = file.storyboard; name = Base; path = Base.lproj/Colours.storyboard; sourceTree = "<group>"; };
		82B6AD351C4DF3B400734CCC /* Base */ = {isa = PBXFileReference; lastKnownFileType = file.storyboard; name = Base; path = Base.lproj/People.storyboard; sourceTree = "<group>"; };
		82B6AD851C4F591000734CCC /* MZPerson.h */ = {isa = PBXFileReference; fileEncoding = 4; lastKnownFileType = sourcecode.c.h; path = MZPerson.h; sourceTree = "<group>"; };
		82B6AD861C4F591000734CCC /* MZPerson.m */ = {isa = PBXFileReference; fileEncoding = 4; lastKnownFileType = sourcecode.c.objc; path = MZPerson.m; sourceTree = "<group>"; };
		82B6AD871C4F591000734CCC /* NSString+MZProfile.h */ = {isa = PBXFileReference; fileEncoding = 4; lastKnownFileType = sourcecode.c.h; path = "NSString+MZProfile.h"; sourceTree = "<group>"; };
		82B6AD881C4F591000734CCC /* NSString+MZProfile.m */ = {isa = PBXFileReference; fileEncoding = 4; lastKnownFileType = sourcecode.c.objc; path = "NSString+MZProfile.m"; sourceTree = "<group>"; };
		82B6AD8A1C4F591000734CCC /* MZPeopleTableViewController.h */ = {isa = PBXFileReference; fileEncoding = 4; lastKnownFileType = sourcecode.c.h; path = MZPeopleTableViewController.h; sourceTree = "<group>"; };
		82B6AD8B1C4F591000734CCC /* MZPeopleTableViewController.m */ = {isa = PBXFileReference; fileEncoding = 4; lastKnownFileType = sourcecode.c.objc; path = MZPeopleTableViewController.m; sourceTree = "<group>"; };
		82B6AD8D1C4F591000734CCC /* MZCircleImageView.h */ = {isa = PBXFileReference; fileEncoding = 4; lastKnownFileType = sourcecode.c.h; path = MZCircleImageView.h; sourceTree = "<group>"; };
		82B6AD8E1C4F591000734CCC /* MZCircleImageView.m */ = {isa = PBXFileReference; fileEncoding = 4; lastKnownFileType = sourcecode.c.objc; path = MZCircleImageView.m; sourceTree = "<group>"; };
		82B6AD8F1C4F591000734CCC /* MZPersonCell.h */ = {isa = PBXFileReference; fileEncoding = 4; lastKnownFileType = sourcecode.c.h; path = MZPersonCell.h; sourceTree = "<group>"; };
		82B6AD901C4F591000734CCC /* MZPersonCell.m */ = {isa = PBXFileReference; fileEncoding = 4; lastKnownFileType = sourcecode.c.objc; path = MZPersonCell.m; sourceTree = "<group>"; };
		82B6AD981C4F626E00734CCC /* MZProfile.h */ = {isa = PBXFileReference; fileEncoding = 4; lastKnownFileType = sourcecode.c.h; path = MZProfile.h; sourceTree = "<group>"; };
		82B6AD991C4F626E00734CCC /* MZProfile.m */ = {isa = PBXFileReference; fileEncoding = 4; lastKnownFileType = sourcecode.c.objc; path = MZProfile.m; sourceTree = "<group>"; };
		82B6AD9B1C5028AD00734CCC /* MZProfilesController.h */ = {isa = PBXFileReference; fileEncoding = 4; lastKnownFileType = sourcecode.c.h; path = MZProfilesController.h; sourceTree = "<group>"; };
		82B6AD9C1C5028AD00734CCC /* MZProfilesController.m */ = {isa = PBXFileReference; fileEncoding = 4; lastKnownFileType = sourcecode.c.objc; path = MZProfilesController.m; sourceTree = "<group>"; };
		82B6AD9F1C50290300734CCC /* MZPeople.plist */ = {isa = PBXFileReference; fileEncoding = 4; lastKnownFileType = text.plist.xml; path = MZPeople.plist; sourceTree = "<group>"; };
		82B6ADA01C50290300734CCC /* MZPersonStore.h */ = {isa = PBXFileReference; fileEncoding = 4; lastKnownFileType = sourcecode.c.h; path = MZPersonStore.h; sourceTree = "<group>"; };
		82B6ADA11C50290300734CCC /* MZPersonStore.m */ = {isa = PBXFileReference; fileEncoding = 4; lastKnownFileType = sourcecode.c.objc; path = MZPersonStore.m; sourceTree = "<group>"; };
/* End PBXFileReference section */

/* Begin PBXFrameworksBuildPhase section */
		8284FB241C21203500CD7642 /* Frameworks */ = {
			isa = PBXFrameworksBuildPhase;
			buildActionMask = 2147483647;
			files = (
			);
			runOnlyForDeploymentPostprocessing = 0;
		};
/* End PBXFrameworksBuildPhase section */

/* Begin PBXGroup section */
		8284FB1E1C21203500CD7642 = {
			isa = PBXGroup;
			children = (
				8284FB411C21211500CD7642 /* MaskZoomTransition */,
				8284FB291C21203500CD7642 /* MaskZoomTransitionDemo */,
				8284FB281C21203500CD7642 /* Products */,
			);
			sourceTree = "<group>";
		};
		8284FB281C21203500CD7642 /* Products */ = {
			isa = PBXGroup;
			children = (
				8284FB271C21203500CD7642 /* MaskZoomTransitionDemo.app */,
			);
			name = Products;
			sourceTree = "<group>";
		};
		8284FB291C21203500CD7642 /* MaskZoomTransitionDemo */ = {
			isa = PBXGroup;
			children = (
				8284FB2D1C21203500CD7642 /* AppDelegate.h */,
				8284FB2E1C21203500CD7642 /* AppDelegate.m */,
				8284FB541C21295600CD7642 /* MZFirstViewController.h */,
				8284FB551C21295600CD7642 /* MZFirstViewController.m */,
				8284FB571C21296100CD7642 /* MZSecondViewController.h */,
				8284FB581C21296100CD7642 /* MZSecondViewController.m */,
				8284FB4B1C2122BB00CD7642 /* MZCircleView.h */,
				8284FB4C1C2122BB00CD7642 /* MZCircleView.m */,
				82B6ACB01C235B8C00734CCC /* MZCircleButton.h */,
				82B6ACB11C235B8C00734CCC /* MZCircleButton.m */,
				82B6AD631C4F32E900734CCC /* People */,
				82B6AD621C4F306D00734CCC /* Storyboards */,
				8284FB361C21203500CD7642 /* Assets.xcassets */,
				8284FB381C21203500CD7642 /* LaunchScreen.storyboard */,
				8284FB3B1C21203500CD7642 /* Info.plist */,
				8284FB2A1C21203500CD7642 /* Supporting Files */,
			);
			path = MaskZoomTransitionDemo;
			sourceTree = "<group>";
		};
		8284FB2A1C21203500CD7642 /* Supporting Files */ = {
			isa = PBXGroup;
			children = (
				8284FB2B1C21203500CD7642 /* main.m */,
			);
			name = "Supporting Files";
			sourceTree = "<group>";
		};
		8284FB411C21211500CD7642 /* MaskZoomTransition */ = {
			isa = PBXGroup;
			children = (
				8284FB421C21211500CD7642 /* MZGradientCircleLayer.h */,
				8284FB431C21211500CD7642 /* MZGradientCircleLayer.m */,
				8284FB441C21211500CD7642 /* MZMaskZoomTransition.h */,
				8284FB451C21211500CD7642 /* MZMaskZoomTransition.m */,
				8284FB461C21211500CD7642 /* MZMaskZoomTransitioningDelegate.h */,
				8284FB471C21211500CD7642 /* MZMaskZoomTransitioningDelegate.m */,
				8284FB4E1C2123DA00CD7642 /* UIViewController+MZContentViewController.h */,
				8284FB4F1C2123DA00CD7642 /* UIViewController+MZContentViewController.m */,
			);
			path = MaskZoomTransition;
			sourceTree = "<group>";
		};
		82B6AD621C4F306D00734CCC /* Storyboards */ = {
			isa = PBXGroup;
			children = (
				8284FB331C21203500CD7642 /* Main.storyboard */,
				82B6AD311C4DF30A00734CCC /* Colours.storyboard */,
				82B6AD341C4DF3B400734CCC /* People.storyboard */,
			);
			name = Storyboards;
			sourceTree = "<group>";
		};
		82B6AD631C4F32E900734CCC /* People */ = {
			isa = PBXGroup;
			children = (
				82B6AD9E1C50290300734CCC /* Data Store */,
				82B6AD831C4F591000734CCC /* Models */,
				82B6AD801C4F591000734CCC /* Controllers */,
				82B6AD891C4F591000734CCC /* View Controllers */,
				82B6AD8C1C4F591000734CCC /* Views */,
			);
			path = People;
			sourceTree = "<group>";
		};
		82B6AD801C4F591000734CCC /* Controllers */ = {
			isa = PBXGroup;
			children = (
				82B6AD9B1C5028AD00734CCC /* MZProfilesController.h */,
				82B6AD9C1C5028AD00734CCC /* MZProfilesController.m */,
			);
			path = Controllers;
			sourceTree = "<group>";
		};
		82B6AD831C4F591000734CCC /* Models */ = {
			isa = PBXGroup;
			children = (
				82B6AD851C4F591000734CCC /* MZPerson.h */,
				82B6AD861C4F591000734CCC /* MZPerson.m */,
				82B6AD981C4F626E00734CCC /* MZProfile.h */,
				82B6AD991C4F626E00734CCC /* MZProfile.m */,
				82B6AD871C4F591000734CCC /* NSString+MZProfile.h */,
				82B6AD881C4F591000734CCC /* NSString+MZProfile.m */,
			);
			path = Models;
			sourceTree = "<group>";
		};
		82B6AD891C4F591000734CCC /* View Controllers */ = {
			isa = PBXGroup;
			children = (
				82B6AD8A1C4F591000734CCC /* MZPeopleTableViewController.h */,
				82B6AD8B1C4F591000734CCC /* MZPeopleTableViewController.m */,
			);
			path = "View Controllers";
			sourceTree = "<group>";
		};
		82B6AD8C1C4F591000734CCC /* Views */ = {
			isa = PBXGroup;
			children = (
				82B6AD8D1C4F591000734CCC /* MZCircleImageView.h */,
				82B6AD8E1C4F591000734CCC /* MZCircleImageView.m */,
				82B6AD8F1C4F591000734CCC /* MZPersonCell.h */,
				82B6AD901C4F591000734CCC /* MZPersonCell.m */,
			);
			path = Views;
			sourceTree = "<group>";
		};
		82B6AD9E1C50290300734CCC /* Data Store */ = {
			isa = PBXGroup;
			children = (
				82B6AD9F1C50290300734CCC /* MZPeople.plist */,
				82B6ADA01C50290300734CCC /* MZPersonStore.h */,
				82B6ADA11C50290300734CCC /* MZPersonStore.m */,
			);
			path = "Data Store";
			sourceTree = "<group>";
		};
/* End PBXGroup section */

/* Begin PBXNativeTarget section */
		8284FB261C21203500CD7642 /* MaskZoomTransitionDemo */ = {
			isa = PBXNativeTarget;
			buildConfigurationList = 8284FB3E1C21203500CD7642 /* Build configuration list for PBXNativeTarget "MaskZoomTransitionDemo" */;
			buildPhases = (
				8284FB231C21203500CD7642 /* Sources */,
				8284FB241C21203500CD7642 /* Frameworks */,
				8284FB251C21203500CD7642 /* Resources */,
			);
			buildRules = (
			);
			dependencies = (
			);
			name = MaskZoomTransitionDemo;
			productName = MaskZoomTransitionDemo;
			productReference = 8284FB271C21203500CD7642 /* MaskZoomTransitionDemo.app */;
			productType = "com.apple.product-type.application";
		};
/* End PBXNativeTarget section */

/* Begin PBXProject section */
		8284FB1F1C21203500CD7642 /* Project object */ = {
			isa = PBXProject;
			attributes = {
				CLASSPREFIX = MZ;
				LastUpgradeCheck = 0720;
				ORGANIZATIONNAME = "Stephanie Sharp";
				TargetAttributes = {
					8284FB261C21203500CD7642 = {
						CreatedOnToolsVersion = 7.2;
					};
				};
			};
			buildConfigurationList = 8284FB221C21203500CD7642 /* Build configuration list for PBXProject "MaskZoomTransitionDemo" */;
			compatibilityVersion = "Xcode 3.2";
			developmentRegion = English;
			hasScannedForEncodings = 0;
			knownRegions = (
				en,
				Base,
			);
			mainGroup = 8284FB1E1C21203500CD7642;
			productRefGroup = 8284FB281C21203500CD7642 /* Products */;
			projectDirPath = "";
			projectRoot = "";
			targets = (
				8284FB261C21203500CD7642 /* MaskZoomTransitionDemo */,
			);
		};
/* End PBXProject section */

/* Begin PBXResourcesBuildPhase section */
		8284FB251C21203500CD7642 /* Resources */ = {
			isa = PBXResourcesBuildPhase;
			buildActionMask = 2147483647;
			files = (
				82B6ADA21C50290300734CCC /* MZPeople.plist in Resources */,
				8284FB3A1C21203500CD7642 /* LaunchScreen.storyboard in Resources */,
				8284FB371C21203500CD7642 /* Assets.xcassets in Resources */,
				82B6AD361C4DF3B400734CCC /* People.storyboard in Resources */,
				82B6AD331C4DF30A00734CCC /* Colours.storyboard in Resources */,
				8284FB351C21203500CD7642 /* Main.storyboard in Resources */,
			);
			runOnlyForDeploymentPostprocessing = 0;
		};
/* End PBXResourcesBuildPhase section */

/* Begin PBXSourcesBuildPhase section */
		8284FB231C21203500CD7642 /* Sources */ = {
			isa = PBXSourcesBuildPhase;
			buildActionMask = 2147483647;
			files = (
				8284FB591C21296100CD7642 /* MZSecondViewController.m in Sources */,
				8284FB481C21211500CD7642 /* MZGradientCircleLayer.m in Sources */,
				8284FB2F1C21203500CD7642 /* AppDelegate.m in Sources */,
				8284FB4A1C21211500CD7642 /* MZMaskZoomTransitioningDelegate.m in Sources */,
				8284FB561C21295600CD7642 /* MZFirstViewController.m in Sources */,
				82B6AD951C4F591000734CCC /* MZPeopleTableViewController.m in Sources */,
				8284FB4D1C2122BB00CD7642 /* MZCircleView.m in Sources */,
				82B6AD971C4F591000734CCC /* MZPersonCell.m in Sources */,
				82B6AD961C4F591000734CCC /* MZCircleImageView.m in Sources */,
				82B6ACB21C235B8C00734CCC /* MZCircleButton.m in Sources */,
				8284FB501C2123DA00CD7642 /* UIViewController+MZContentViewController.m in Sources */,
				82B6AD9D1C5028AD00734CCC /* MZProfilesController.m in Sources */,
				8284FB491C21211500CD7642 /* MZMaskZoomTransition.m in Sources */,
				82B6ADA31C50290300734CCC /* MZPersonStore.m in Sources */,
				8284FB2C1C21203500CD7642 /* main.m in Sources */,
				82B6AD931C4F591000734CCC /* MZPerson.m in Sources */,
				82B6AD941C4F591000734CCC /* NSString+MZProfile.m in Sources */,
				82B6AD9A1C4F626E00734CCC /* MZProfile.m in Sources */,
			);
			runOnlyForDeploymentPostprocessing = 0;
		};
/* End PBXSourcesBuildPhase section */

/* Begin PBXVariantGroup section */
		8284FB331C21203500CD7642 /* Main.storyboard */ = {
			isa = PBXVariantGroup;
			children = (
				8284FB341C21203500CD7642 /* Base */,
			);
			name = Main.storyboard;
			sourceTree = "<group>";
		};
		8284FB381C21203500CD7642 /* LaunchScreen.storyboard */ = {
			isa = PBXVariantGroup;
			children = (
				8284FB391C21203500CD7642 /* Base */,
			);
			name = LaunchScreen.storyboard;
			sourceTree = "<group>";
		};
		82B6AD311C4DF30A00734CCC /* Colours.storyboard */ = {
			isa = PBXVariantGroup;
			children = (
				82B6AD321C4DF30A00734CCC /* Base */,
			);
			name = Colours.storyboard;
			sourceTree = "<group>";
		};
		82B6AD341C4DF3B400734CCC /* People.storyboard */ = {
			isa = PBXVariantGroup;
			children = (
				82B6AD351C4DF3B400734CCC /* Base */,
			);
			name = People.storyboard;
			sourceTree = "<group>";
		};
/* End PBXVariantGroup section */

/* Begin XCBuildConfiguration section */
		8284FB3C1C21203500CD7642 /* Debug */ = {
			isa = XCBuildConfiguration;
			buildSettings = {
				ALWAYS_SEARCH_USER_PATHS = NO;
				CLANG_CXX_LANGUAGE_STANDARD = "gnu++0x";
				CLANG_CXX_LIBRARY = "libc++";
				CLANG_ENABLE_MODULES = YES;
				CLANG_ENABLE_OBJC_ARC = YES;
				CLANG_WARN_BOOL_CONVERSION = YES;
				CLANG_WARN_CONSTANT_CONVERSION = YES;
				CLANG_WARN_DIRECT_OBJC_ISA_USAGE = YES_ERROR;
				CLANG_WARN_EMPTY_BODY = YES;
				CLANG_WARN_ENUM_CONVERSION = YES;
				CLANG_WARN_INT_CONVERSION = YES;
				CLANG_WARN_OBJC_ROOT_CLASS = YES_ERROR;
				CLANG_WARN_UNREACHABLE_CODE = YES;
				CLANG_WARN__DUPLICATE_METHOD_MATCH = YES;
				"CODE_SIGN_IDENTITY[sdk=iphoneos*]" = "iPhone Developer";
				COPY_PHASE_STRIP = NO;
				DEBUG_INFORMATION_FORMAT = dwarf;
				ENABLE_STRICT_OBJC_MSGSEND = YES;
				ENABLE_TESTABILITY = YES;
				GCC_C_LANGUAGE_STANDARD = gnu99;
				GCC_DYNAMIC_NO_PIC = NO;
				GCC_NO_COMMON_BLOCKS = YES;
				GCC_OPTIMIZATION_LEVEL = 0;
				GCC_PREPROCESSOR_DEFINITIONS = (
					"DEBUG=1",
					"$(inherited)",
				);
				GCC_WARN_64_TO_32_BIT_CONVERSION = YES;
				GCC_WARN_ABOUT_RETURN_TYPE = YES_ERROR;
				GCC_WARN_UNDECLARED_SELECTOR = YES;
				GCC_WARN_UNINITIALIZED_AUTOS = YES_AGGRESSIVE;
				GCC_WARN_UNUSED_FUNCTION = YES;
				GCC_WARN_UNUSED_VARIABLE = YES;
				IPHONEOS_DEPLOYMENT_TARGET = 9.0;
				MTL_ENABLE_DEBUG_INFO = YES;
				ONLY_ACTIVE_ARCH = YES;
				SDKROOT = iphoneos;
				TARGETED_DEVICE_FAMILY = "1,2";
			};
			name = Debug;
		};
		8284FB3D1C21203500CD7642 /* Release */ = {
			isa = XCBuildConfiguration;
			buildSettings = {
				ALWAYS_SEARCH_USER_PATHS = NO;
				CLANG_CXX_LANGUAGE_STANDARD = "gnu++0x";
				CLANG_CXX_LIBRARY = "libc++";
				CLANG_ENABLE_MODULES = YES;
				CLANG_ENABLE_OBJC_ARC = YES;
				CLANG_WARN_BOOL_CONVERSION = YES;
				CLANG_WARN_CONSTANT_CONVERSION = YES;
				CLANG_WARN_DIRECT_OBJC_ISA_USAGE = YES_ERROR;
				CLANG_WARN_EMPTY_BODY = YES;
				CLANG_WARN_ENUM_CONVERSION = YES;
				CLANG_WARN_INT_CONVERSION = YES;
				CLANG_WARN_OBJC_ROOT_CLASS = YES_ERROR;
				CLANG_WARN_UNREACHABLE_CODE = YES;
				CLANG_WARN__DUPLICATE_METHOD_MATCH = YES;
				"CODE_SIGN_IDENTITY[sdk=iphoneos*]" = "iPhone Developer";
				COPY_PHASE_STRIP = NO;
				DEBUG_INFORMATION_FORMAT = "dwarf-with-dsym";
				ENABLE_NS_ASSERTIONS = NO;
				ENABLE_STRICT_OBJC_MSGSEND = YES;
				GCC_C_LANGUAGE_STANDARD = gnu99;
				GCC_NO_COMMON_BLOCKS = YES;
				GCC_WARN_64_TO_32_BIT_CONVERSION = YES;
				GCC_WARN_ABOUT_RETURN_TYPE = YES_ERROR;
				GCC_WARN_UNDECLARED_SELECTOR = YES;
				GCC_WARN_UNINITIALIZED_AUTOS = YES_AGGRESSIVE;
				GCC_WARN_UNUSED_FUNCTION = YES;
				GCC_WARN_UNUSED_VARIABLE = YES;
				IPHONEOS_DEPLOYMENT_TARGET = 9.0;
				MTL_ENABLE_DEBUG_INFO = NO;
				SDKROOT = iphoneos;
				TARGETED_DEVICE_FAMILY = "1,2";
				VALIDATE_PRODUCT = YES;
			};
			name = Release;
		};
		8284FB3F1C21203500CD7642 /* Debug */ = {
			isa = XCBuildConfiguration;
			buildSettings = {
				ASSETCATALOG_COMPILER_APPICON_NAME = AppIcon;
				INFOPLIST_FILE = MaskZoomTransitionDemo/Info.plist;
				LD_RUNPATH_SEARCH_PATHS = "$(inherited) @executable_path/Frameworks";
				PRODUCT_BUNDLE_IDENTIFIER = com.ssharp.MaskZoomTransitionDemo;
				PRODUCT_NAME = "$(TARGET_NAME)";
			};
			name = Debug;
		};
		8284FB401C21203500CD7642 /* Release */ = {
			isa = XCBuildConfiguration;
			buildSettings = {
				ASSETCATALOG_COMPILER_APPICON_NAME = AppIcon;
				INFOPLIST_FILE = MaskZoomTransitionDemo/Info.plist;
				LD_RUNPATH_SEARCH_PATHS = "$(inherited) @executable_path/Frameworks";
				PRODUCT_BUNDLE_IDENTIFIER = com.ssharp.MaskZoomTransitionDemo;
				PRODUCT_NAME = "$(TARGET_NAME)";
			};
			name = Release;
		};
/* End XCBuildConfiguration section */

/* Begin XCConfigurationList section */
		8284FB221C21203500CD7642 /* Build configuration list for PBXProject "MaskZoomTransitionDemo" */ = {
			isa = XCConfigurationList;
			buildConfigurations = (
				8284FB3C1C21203500CD7642 /* Debug */,
				8284FB3D1C21203500CD7642 /* Release */,
			);
			defaultConfigurationIsVisible = 0;
			defaultConfigurationName = Release;
		};
		8284FB3E1C21203500CD7642 /* Build configuration list for PBXNativeTarget "MaskZoomTransitionDemo" */ = {
			isa = XCConfigurationList;
			buildConfigurations = (
				8284FB3F1C21203500CD7642 /* Debug */,
				8284FB401C21203500CD7642 /* Release */,
			);
			defaultConfigurationIsVisible = 0;
			defaultConfigurationName = Release;
		};
/* End XCConfigurationList section */
	};
	rootObject = 8284FB1F1C21203500CD7642 /* Project object */;
}
